<?xml version="1.0" encoding="utf-8"?>
<Project ToolsVersion="4.0" xmlns="http://schemas.microsoft.com/developer/msbuild/2003">
  <ItemGroup>
    <Filter Include="Archivos de origen">
      <UniqueIdentifier>{4FC737F1-C7A5-4376-A066-2A32D752A2FF}</UniqueIdentifier>
      <Extensions>cpp;c;cc;cxx;c++;cppm;ixx;def;odl;idl;hpj;bat;asm;asmx</Extensions>
    </Filter>
    <Filter Include="Archivos de encabezado">
      <UniqueIdentifier>{93995380-89BD-4b04-88EB-625FBE52EBFB}</UniqueIdentifier>
      <Extensions>h;hh;hpp;hxx;h++;hm;inl;inc;ipp;xsd</Extensions>
    </Filter>
    <Filter Include="Archivos de recursos">
      <UniqueIdentifier>{67DA6AB6-F800-4c08-8B7A-83BB121AAD01}</UniqueIdentifier>
      <Extensions>rc;ico;cur;bmp;dlg;rc2;rct;bin;rgs;gif;jpg;jpeg;jpe;resx;tiff;tif;png;wav;mfcribbon-ms</Extensions>
    </Filter>
    <Filter Include="Utilities">
      <UniqueIdentifier>{813ff274-ec72-42ff-b52f-95c841d61477}</UniqueIdentifier>
    </Filter>
    <Filter Include="Config">
      <UniqueIdentifier>{37921d4c-1e93-4747-a774-168440061908}</UniqueIdentifier>
    </Filter>
    <Filter Include="Render">
      <UniqueIdentifier>{95db7a45-4497-4826-acd0-2dfda1bdf740}</UniqueIdentifier>
    </Filter>
    <Filter Include="Game">
      <UniqueIdentifier>{a880d9b1-035e-404f-b4ae-59fe3f08f1d8}</UniqueIdentifier>
    </Filter>
    <Filter Include="Game\Ship">
      <UniqueIdentifier>{b8d469b1-4165-45ea-b231-daade168a174}</UniqueIdentifier>
    </Filter>
    <Filter Include="Game\Bullet">
      <UniqueIdentifier>{3eb8248f-4c66-44e1-bfc2-18582d276ffb}</UniqueIdentifier>
    </Filter>
    <Filter Include="Game\Asteroid">
      <UniqueIdentifier>{5a71dfc5-5fa2-4f34-8b23-ca97ce6c643e}</UniqueIdentifier>
    </Filter>
  </ItemGroup>
  <ItemGroup>
    <ClCompile Include="src\main.cpp">
      <Filter>Archivos de origen</Filter>
    </ClCompile>
    <ClCompile Include="src\config.cpp">
      <Filter>Config</Filter>
    </ClCompile>
    <ClCompile Include="src\render.cpp">
      <Filter>Render</Filter>
    </ClCompile>
    <ClCompile Include="src\menu.cpp">
      <Filter>Archivos de origen</Filter>
    </ClCompile>
    <ClCompile Include="src\game.cpp">
      <Filter>Game</Filter>
    </ClCompile>
    <ClCompile Include="src\ship.cpp">
      <Filter>Game\Ship</Filter>
    </ClCompile>
    <ClCompile Include="src\bullet.cpp">
      <Filter>Game\Bullet</Filter>
    </ClCompile>
    <ClCompile Include="src\asteroid.cpp">
      <Filter>Game\Asteroid</Filter>
    </ClCompile>
  </ItemGroup>
  <ItemGroup>
    <ClInclude Include="src\config.h">
      <Filter>Config</Filter>
    </ClInclude>
    <ClInclude Include="src\render.h">
      <Filter>Render</Filter>
    </ClInclude>
    <ClInclude Include="src\menu.h">
      <Filter>Archivos de origen</Filter>
    </ClInclude>
    <ClInclude Include="src\game.h">
      <Filter>Game</Filter>
    </ClInclude>
    <ClInclude Include="src\ship.h">
      <Filter>Game\Ship</Filter>
    </ClInclude>
    <ClInclude Include="src\bullet.h">
      <Filter>Game\Bullet</Filter>
    </ClInclude>
    <ClInclude Include="src\asteroid.h">
      <Filter>Game\Asteroid</Filter>
    </ClInclude>
  </ItemGroup>
</Project>